
Microsoft Visual Studio Solution File, Format Version 12.00
# Visual Studio Version 17
VisualStudioVersion = 17.3.32901.215
MinimumVisualStudioVersion = 10.0.40219.1
Project("{FAE04EC0-301F-11D3-BF4B-00C04F79EFBC}") = "MES", "MES.csproj", "{9379D4AB-85D9-468A-A306-C983F2260544}"
EndProject
Global
	GlobalSection(SolutionConfigurationPlatforms) = preSolution
		Debug|Any CPU = Debug|Any CPU
		Release|Any CPU = Release|Any CPU
	EndGlobalSection
	GlobalSection(ProjectConfigurationPlatforms) = postSolution
		{9379D4AB-85D9-468A-A306-C983F2260544}.Debug|Any CPU.ActiveCfg = Debug|Any CPU
		{9379D4AB-85D9-468A-A306-C983F2260544}.Debug|Any CPU.Build.0 = Debug|Any CPU
		{9379D4AB-85D9-468A-A306-C983F2260544}.Release|Any CPU.ActiveCfg = Release|Any CPU
		{9379D4AB-85D9-468A-A306-C983F2260544}.Release|Any CPU.Build.0 = Release|Any CPU
	EndGlobalSection
	GlobalSection(SolutionProperties) = preSolution
		HideSolutionNode = FALSE
	EndGlobalSection
	GlobalSection(ExtensibilityGlobals) = postSolution
		SolutionGuid = {EC3E77AA-63C5-417B-9CD3-DA036621A4B3}
	EndGlobalSection
EndGlobal
